// !$*UTF8*$!
{
	archiveVersion = 1;
	classes = {
	};
	objectVersion = 55;
	objects = {

/* Begin PBXBuildFile section */
		D03A5DDE28CCF1870070C965 /* CurriculumVitaeTeisrudApp.swift in Sources */ = {isa = PBXBuildFile; fileRef = D03A5DCE28CCF1850070C965 /* CurriculumVitaeTeisrudApp.swift */; };
		D03A5DDF28CCF1870070C965 /* CurriculumVitaeTeisrudApp.swift in Sources */ = {isa = PBXBuildFile; fileRef = D03A5DCE28CCF1850070C965 /* CurriculumVitaeTeisrudApp.swift */; };
		D03A5DE128CCF1870070C965 /* ContentView.swift in Sources */ = {isa = PBXBuildFile; fileRef = D03A5DCF28CCF1850070C965 /* ContentView.swift */; };
		D03A5DE228CCF1870070C965 /* Assets.xcassets in Resources */ = {isa = PBXBuildFile; fileRef = D03A5DD028CCF1870070C965 /* Assets.xcassets */; };
		D03A5DE328CCF1870070C965 /* Assets.xcassets in Resources */ = {isa = PBXBuildFile; fileRef = D03A5DD028CCF1870070C965 /* Assets.xcassets */; };
		D03A5DF928CCF1C20070C965 /* Profile.swift in Sources */ = {isa = PBXBuildFile; fileRef = D03A5DEF28CCF1C20070C965 /* Profile.swift */; };
		D03A5DFA28CCF1C20070C965 /* Profile.swift in Sources */ = {isa = PBXBuildFile; fileRef = D03A5DEF28CCF1C20070C965 /* Profile.swift */; };
		D03A5DFB28CCF1C20070C965 /* WorkExperience.swift in Sources */ = {isa = PBXBuildFile; fileRef = D03A5DF028CCF1C20070C965 /* WorkExperience.swift */; };
		D03A5DFC28CCF1C20070C965 /* WorkExperience.swift in Sources */ = {isa = PBXBuildFile; fileRef = D03A5DF028CCF1C20070C965 /* WorkExperience.swift */; };
		D03A5DFD28CCF1C20070C965 /* Eductaions.swift in Sources */ = {isa = PBXBuildFile; fileRef = D03A5DF128CCF1C20070C965 /* Eductaions.swift */; };
		D03A5DFE28CCF1C20070C965 /* Eductaions.swift in Sources */ = {isa = PBXBuildFile; fileRef = D03A5DF128CCF1C20070C965 /* Eductaions.swift */; };
		D03A5DFF28CCF1C20070C965 /* ModelData.swift in Sources */ = {isa = PBXBuildFile; fileRef = D03A5DF228CCF1C20070C965 /* ModelData.swift */; };
		D03A5E0028CCF1C20070C965 /* ModelData.swift in Sources */ = {isa = PBXBuildFile; fileRef = D03A5DF228CCF1C20070C965 /* ModelData.swift */; };
		D03A5E0128CCF1C20070C965 /* Volunteering.swift in Sources */ = {isa = PBXBuildFile; fileRef = D03A5DF328CCF1C20070C965 /* Volunteering.swift */; };
		D03A5E0228CCF1C20070C965 /* Volunteering.swift in Sources */ = {isa = PBXBuildFile; fileRef = D03A5DF328CCF1C20070C965 /* Volunteering.swift */; };
		D03A5E0328CCF1C20070C965 /* volunteering.json in Resources */ = {isa = PBXBuildFile; fileRef = D03A5DF528CCF1C20070C965 /* volunteering.json */; };
		D03A5E0428CCF1C20070C965 /* volunteering.json in Resources */ = {isa = PBXBuildFile; fileRef = D03A5DF528CCF1C20070C965 /* volunteering.json */; };
		D03A5E0528CCF1C20070C965 /* educations.json in Resources */ = {isa = PBXBuildFile; fileRef = D03A5DF628CCF1C20070C965 /* educations.json */; };
		D03A5E0628CCF1C20070C965 /* educations.json in Resources */ = {isa = PBXBuildFile; fileRef = D03A5DF628CCF1C20070C965 /* educations.json */; };
		D03A5E0728CCF1C20070C965 /* workExperience.json in Resources */ = {isa = PBXBuildFile; fileRef = D03A5DF728CCF1C20070C965 /* workExperience.json */; };
		D03A5E0828CCF1C20070C965 /* workExperience.json in Resources */ = {isa = PBXBuildFile; fileRef = D03A5DF728CCF1C20070C965 /* workExperience.json */; };
		D03A5E0928CCF1C20070C965 /* profile.json in Resources */ = {isa = PBXBuildFile; fileRef = D03A5DF828CCF1C20070C965 /* profile.json */; };
		D03A5E0A28CCF1C20070C965 /* profile.json in Resources */ = {isa = PBXBuildFile; fileRef = D03A5DF828CCF1C20070C965 /* profile.json */; };
		D03A5E2728CCF1CF0070C965 /* WorkExperienceDetails.swift in Sources */ = {isa = PBXBuildFile; fileRef = D03A5E0D28CCF1CF0070C965 /* WorkExperienceDetails.swift */; };
		D03A5E2828CCF1CF0070C965 /* WorkExperienceRectangleList.swift in Sources */ = {isa = PBXBuildFile; fileRef = D03A5E0F28CCF1CF0070C965 /* WorkExperienceRectangleList.swift */; };
		D03A5E2928CCF1CF0070C965 /* WorkExperienceRectangleListItem.swift in Sources */ = {isa = PBXBuildFile; fileRef = D03A5E1028CCF1CF0070C965 /* WorkExperienceRectangleListItem.swift */; };
		D03A5E2A28CCF1CF0070C965 /* WorkExperienceList.swift in Sources */ = {isa = PBXBuildFile; fileRef = D03A5E1228CCF1CF0070C965 /* WorkExperienceList.swift */; };
		D03A5E2B28CCF1CF0070C965 /* WorkExperienceListItem.swift in Sources */ = {isa = PBXBuildFile; fileRef = D03A5E1328CCF1CF0070C965 /* WorkExperienceListItem.swift */; };
		D03A5E2C28CCF1CF0070C965 /* WorkExperienceHome.swift in Sources */ = {isa = PBXBuildFile; fileRef = D03A5E1428CCF1CF0070C965 /* WorkExperienceHome.swift */; };
		D03A5E2D28CCF1CF0070C965 /* ProfilePage.swift in Sources */ = {isa = PBXBuildFile; fileRef = D03A5E1628CCF1CF0070C965 /* ProfilePage.swift */; };
		D03A5E2E28CCF1CF0070C965 /* VolunteeringDetails.swift in Sources */ = {isa = PBXBuildFile; fileRef = D03A5E1828CCF1CF0070C965 /* VolunteeringDetails.swift */; };
		D03A5E2F28CCF1CF0070C965 /* EducationsHome.swift in Sources */ = {isa = PBXBuildFile; fileRef = D03A5E1A28CCF1CF0070C965 /* EducationsHome.swift */; };
		D03A5E3028CCF1CF0070C965 /* EducationsRectangleListItem.swift in Sources */ = {isa = PBXBuildFile; fileRef = D03A5E1C28CCF1CF0070C965 /* EducationsRectangleListItem.swift */; };
		D03A5E3128CCF1CF0070C965 /* EducationsRectangleList.swift in Sources */ = {isa = PBXBuildFile; fileRef = D03A5E1D28CCF1CF0070C965 /* EducationsRectangleList.swift */; };
		D03A5E3228CCF1CF0070C965 /* EducationsListItem.swift in Sources */ = {isa = PBXBuildFile; fileRef = D03A5E1F28CCF1CF0070C965 /* EducationsListItem.swift */; };
		D03A5E3328CCF1CF0070C965 /* EducationsList.swift in Sources */ = {isa = PBXBuildFile; fileRef = D03A5E2028CCF1CF0070C965 /* EducationsList.swift */; };
		D03A5E3428CCF1CF0070C965 /* EducationsDetails.swift in Sources */ = {isa = PBXBuildFile; fileRef = D03A5E2128CCF1CF0070C965 /* EducationsDetails.swift */; };
		D03A5E3528CCF1CF0070C965 /* ContentView.swift in Sources */ = {isa = PBXBuildFile; fileRef = D03A5E2228CCF1CF0070C965 /* ContentView.swift */; };
		D03A5E3628CCF1CF0070C965 /* MapView.swift in Sources */ = {isa = PBXBuildFile; fileRef = D03A5E2428CCF1CF0070C965 /* MapView.swift */; };
		D03A5E3728CCF1CF0070C965 /* CircleImage.swift in Sources */ = {isa = PBXBuildFile; fileRef = D03A5E2528CCF1CF0070C965 /* CircleImage.swift */; };
		D03A5E3828CCF1CF0070C965 /* Skill.swift in Sources */ = {isa = PBXBuildFile; fileRef = D03A5E2628CCF1CF0070C965 /* Skill.swift */; };
/* End PBXBuildFile section */

/* Begin PBXFileReference section */
		D03A5DCE28CCF1850070C965 /* CurriculumVitaeTeisrudApp.swift */ = {isa = PBXFileReference; lastKnownFileType = sourcecode.swift; path = CurriculumVitaeTeisrudApp.swift; sourceTree = "<group>"; };
		D03A5DCF28CCF1850070C965 /* ContentView.swift */ = {isa = PBXFileReference; lastKnownFileType = sourcecode.swift; path = ContentView.swift; sourceTree = "<group>"; };
		D03A5DD028CCF1870070C965 /* Assets.xcassets */ = {isa = PBXFileReference; lastKnownFileType = folder.assetcatalog; path = Assets.xcassets; sourceTree = "<group>"; };
		D03A5DD528CCF1870070C965 /* CurriculumVitaeTeisrud.app */ = {isa = PBXFileReference; explicitFileType = wrapper.application; includeInIndex = 0; path = CurriculumVitaeTeisrud.app; sourceTree = BUILT_PRODUCTS_DIR; };
		D03A5DDB28CCF1870070C965 /* CurriculumVitaeTeisrud.app */ = {isa = PBXFileReference; explicitFileType = wrapper.application; includeInIndex = 0; path = CurriculumVitaeTeisrud.app; sourceTree = BUILT_PRODUCTS_DIR; };
		D03A5DDD28CCF1870070C965 /* macOS.entitlements */ = {isa = PBXFileReference; lastKnownFileType = text.plist.entitlements; path = macOS.entitlements; sourceTree = "<group>"; };
		D03A5DEF28CCF1C20070C965 /* Profile.swift */ = {isa = PBXFileReference; fileEncoding = 4; lastKnownFileType = sourcecode.swift; path = Profile.swift; sourceTree = "<group>"; };
		D03A5DF028CCF1C20070C965 /* WorkExperience.swift */ = {isa = PBXFileReference; fileEncoding = 4; lastKnownFileType = sourcecode.swift; path = WorkExperience.swift; sourceTree = "<group>"; };
		D03A5DF128CCF1C20070C965 /* Eductaions.swift */ = {isa = PBXFileReference; fileEncoding = 4; lastKnownFileType = sourcecode.swift; path = Eductaions.swift; sourceTree = "<group>"; };
		D03A5DF228CCF1C20070C965 /* ModelData.swift */ = {isa = PBXFileReference; fileEncoding = 4; lastKnownFileType = sourcecode.swift; path = ModelData.swift; sourceTree = "<group>"; };
		D03A5DF328CCF1C20070C965 /* Volunteering.swift */ = {isa = PBXFileReference; fileEncoding = 4; lastKnownFileType = sourcecode.swift; path = Volunteering.swift; sourceTree = "<group>"; };
		D03A5DF528CCF1C20070C965 /* volunteering.json */ = {isa = PBXFileReference; fileEncoding = 4; lastKnownFileType = text.json; path = volunteering.json; sourceTree = "<group>"; };
		D03A5DF628CCF1C20070C965 /* educations.json */ = {isa = PBXFileReference; fileEncoding = 4; lastKnownFileType = text.json; path = educations.json; sourceTree = "<group>"; };
		D03A5DF728CCF1C20070C965 /* workExperience.json */ = {isa = PBXFileReference; fileEncoding = 4; lastKnownFileType = text.json; path = workExperience.json; sourceTree = "<group>"; };
		D03A5DF828CCF1C20070C965 /* profile.json */ = {isa = PBXFileReference; fileEncoding = 4; lastKnownFileType = text.json; path = profile.json; sourceTree = "<group>"; };
		D03A5E0D28CCF1CF0070C965 /* WorkExperienceDetails.swift */ = {isa = PBXFileReference; fileEncoding = 4; lastKnownFileType = sourcecode.swift; path = WorkExperienceDetails.swift; sourceTree = "<group>"; };
		D03A5E0F28CCF1CF0070C965 /* WorkExperienceRectangleList.swift */ = {isa = PBXFileReference; fileEncoding = 4; lastKnownFileType = sourcecode.swift; path = WorkExperienceRectangleList.swift; sourceTree = "<group>"; };
		D03A5E1028CCF1CF0070C965 /* WorkExperienceRectangleListItem.swift */ = {isa = PBXFileReference; fileEncoding = 4; lastKnownFileType = sourcecode.swift; path = WorkExperienceRectangleListItem.swift; sourceTree = "<group>"; };
		D03A5E1228CCF1CF0070C965 /* WorkExperienceList.swift */ = {isa = PBXFileReference; fileEncoding = 4; lastKnownFileType = sourcecode.swift; path = WorkExperienceList.swift; sourceTree = "<group>"; };
		D03A5E1328CCF1CF0070C965 /* WorkExperienceListItem.swift */ = {isa = PBXFileReference; fileEncoding = 4; lastKnownFileType = sourcecode.swift; path = WorkExperienceListItem.swift; sourceTree = "<group>"; };
		D03A5E1428CCF1CF0070C965 /* WorkExperienceHome.swift */ = {isa = PBXFileReference; fileEncoding = 4; lastKnownFileType = sourcecode.swift; path = WorkExperienceHome.swift; sourceTree = "<group>"; };
		D03A5E1628CCF1CF0070C965 /* ProfilePage.swift */ = {isa = PBXFileReference; fileEncoding = 4; lastKnownFileType = sourcecode.swift; path = ProfilePage.swift; sourceTree = "<group>"; };
		D03A5E1828CCF1CF0070C965 /* VolunteeringDetails.swift */ = {isa = PBXFileReference; fileEncoding = 4; lastKnownFileType = sourcecode.swift; path = VolunteeringDetails.swift; sourceTree = "<group>"; };
		D03A5E1A28CCF1CF0070C965 /* EducationsHome.swift */ = {isa = PBXFileReference; fileEncoding = 4; lastKnownFileType = sourcecode.swift; path = EducationsHome.swift; sourceTree = "<group>"; };
		D03A5E1C28CCF1CF0070C965 /* EducationsRectangleListItem.swift */ = {isa = PBXFileReference; fileEncoding = 4; lastKnownFileType = sourcecode.swift; path = EducationsRectangleListItem.swift; sourceTree = "<group>"; };
		D03A5E1D28CCF1CF0070C965 /* EducationsRectangleList.swift */ = {isa = PBXFileReference; fileEncoding = 4; lastKnownFileType = sourcecode.swift; path = EducationsRectangleList.swift; sourceTree = "<group>"; };
		D03A5E1F28CCF1CF0070C965 /* EducationsListItem.swift */ = {isa = PBXFileReference; fileEncoding = 4; lastKnownFileType = sourcecode.swift; path = EducationsListItem.swift; sourceTree = "<group>"; };
		D03A5E2028CCF1CF0070C965 /* EducationsList.swift */ = {isa = PBXFileReference; fileEncoding = 4; lastKnownFileType = sourcecode.swift; path = EducationsList.swift; sourceTree = "<group>"; };
		D03A5E2128CCF1CF0070C965 /* EducationsDetails.swift */ = {isa = PBXFileReference; fileEncoding = 4; lastKnownFileType = sourcecode.swift; path = EducationsDetails.swift; sourceTree = "<group>"; };
		D03A5E2228CCF1CF0070C965 /* ContentView.swift */ = {isa = PBXFileReference; fileEncoding = 4; lastKnownFileType = sourcecode.swift; path = ContentView.swift; sourceTree = "<group>"; };
		D03A5E2428CCF1CF0070C965 /* MapView.swift */ = {isa = PBXFileReference; fileEncoding = 4; lastKnownFileType = sourcecode.swift; path = MapView.swift; sourceTree = "<group>"; };
		D03A5E2528CCF1CF0070C965 /* CircleImage.swift */ = {isa = PBXFileReference; fileEncoding = 4; lastKnownFileType = sourcecode.swift; path = CircleImage.swift; sourceTree = "<group>"; };
		D03A5E2628CCF1CF0070C965 /* Skill.swift */ = {isa = PBXFileReference; fileEncoding = 4; lastKnownFileType = sourcecode.swift; path = Skill.swift; sourceTree = "<group>"; };
/* End PBXFileReference section */

/* Begin PBXFrameworksBuildPhase section */
		D03A5DD228CCF1870070C965 /* Frameworks */ = {
			isa = PBXFrameworksBuildPhase;
			buildActionMask = 2147483647;
			files = (
			);
			runOnlyForDeploymentPostprocessing = 0;
		};
		D03A5DD828CCF1870070C965 /* Frameworks */ = {
			isa = PBXFrameworksBuildPhase;
			buildActionMask = 2147483647;
			files = (
			);
			runOnlyForDeploymentPostprocessing = 0;
		};
/* End PBXFrameworksBuildPhase section */

/* Begin PBXGroup section */
		D03A5DC828CCF1850070C965 = {
			isa = PBXGroup;
			children = (
				D03A5DEC28CCF1AA0070C965 /* iOS */,
				D03A5DED28CCF1AF0070C965 /* iPadOS */,
				D03A5DDC28CCF1870070C965 /* macOS */,
				D03A5DCD28CCF1850070C965 /* Shared */,
				D03A5DD628CCF1870070C965 /* Products */,
			);
			sourceTree = "<group>";
		};
		D03A5DCD28CCF1850070C965 /* Shared */ = {
			isa = PBXGroup;
			children = (
				D03A5DCE28CCF1850070C965 /* CurriculumVitaeTeisrudApp.swift */,
				D03A5DCF28CCF1850070C965 /* ContentView.swift */,
				D03A5DEE28CCF1C20070C965 /* Model */,
				D03A5DF428CCF1C20070C965 /* Resources */,
				D03A5DD028CCF1870070C965 /* Assets.xcassets */,
			);
			path = Shared;
			sourceTree = "<group>";
		};
		D03A5DD628CCF1870070C965 /* Products */ = {
			isa = PBXGroup;
			children = (
				D03A5DD528CCF1870070C965 /* CurriculumVitaeTeisrud.app */,
				D03A5DDB28CCF1870070C965 /* CurriculumVitaeTeisrud.app */,
			);
			name = Products;
			sourceTree = "<group>";
		};
		D03A5DDC28CCF1870070C965 /* macOS */ = {
			isa = PBXGroup;
			children = (
				D03A5DDD28CCF1870070C965 /* macOS.entitlements */,
			);
			path = macOS;
			sourceTree = "<group>";
		};
		D03A5DEC28CCF1AA0070C965 /* iOS */ = {
			isa = PBXGroup;
			children = (
				D03A5E0B28CCF1CF0070C965 /* Views */,
			);
			path = iOS;
			sourceTree = "<group>";
		};
		D03A5DED28CCF1AF0070C965 /* iPadOS */ = {
			isa = PBXGroup;
			children = (
			);
			path = iPadOS;
			sourceTree = "<group>";
		};
		D03A5DEE28CCF1C20070C965 /* Model */ = {
			isa = PBXGroup;
			children = (
				D03A5DEF28CCF1C20070C965 /* Profile.swift */,
				D03A5DF028CCF1C20070C965 /* WorkExperience.swift */,
				D03A5DF128CCF1C20070C965 /* Eductaions.swift */,
				D03A5DF228CCF1C20070C965 /* ModelData.swift */,
				D03A5DF328CCF1C20070C965 /* Volunteering.swift */,
			);
			path = Model;
			sourceTree = "<group>";
		};
		D03A5DF428CCF1C20070C965 /* Resources */ = {
			isa = PBXGroup;
			children = (
				D03A5DF528CCF1C20070C965 /* volunteering.json */,
				D03A5DF628CCF1C20070C965 /* educations.json */,
				D03A5DF728CCF1C20070C965 /* workExperience.json */,
				D03A5DF828CCF1C20070C965 /* profile.json */,
			);
			path = Resources;
			sourceTree = "<group>";
		};
		D03A5E0B28CCF1CF0070C965 /* Views */ = {
			isa = PBXGroup;
			children = (
				D03A5E2228CCF1CF0070C965 /* ContentView.swift */,
				D03A5E1928CCF1CF0070C965 /* Educations */,
				D03A5E0C28CCF1CF0070C965 /* WorkExperience */,
				D03A5E1728CCF1CF0070C965 /* Volunteering */,
				D03A5E1528CCF1CF0070C965 /* Profile */,
				D03A5E2328CCF1CF0070C965 /* Helpers */,
			);
			path = Views;
			sourceTree = "<group>";
		};
		D03A5E0C28CCF1CF0070C965 /* WorkExperience */ = {
			isa = PBXGroup;
			children = (
				D03A5E0D28CCF1CF0070C965 /* WorkExperienceDetails.swift */,
				D03A5E0E28CCF1CF0070C965 /* RectangleView */,
				D03A5E1128CCF1CF0070C965 /* ListView */,
				D03A5E1428CCF1CF0070C965 /* WorkExperienceHome.swift */,
			);
			path = WorkExperience;
			sourceTree = "<group>";
		};
		D03A5E0E28CCF1CF0070C965 /* RectangleView */ = {
			isa = PBXGroup;
			children = (
				D03A5E0F28CCF1CF0070C965 /* WorkExperienceRectangleList.swift */,
				D03A5E1028CCF1CF0070C965 /* WorkExperienceRectangleListItem.swift */,
			);
			path = RectangleView;
			sourceTree = "<group>";
		};
		D03A5E1128CCF1CF0070C965 /* ListView */ = {
			isa = PBXGroup;
			children = (
				D03A5E1228CCF1CF0070C965 /* WorkExperienceList.swift */,
				D03A5E1328CCF1CF0070C965 /* WorkExperienceListItem.swift */,
			);
			path = ListView;
			sourceTree = "<group>";
		};
		D03A5E1528CCF1CF0070C965 /* Profile */ = {
			isa = PBXGroup;
			children = (
				D03A5E1628CCF1CF0070C965 /* ProfilePage.swift */,
			);
			path = Profile;
			sourceTree = "<group>";
		};
		D03A5E1728CCF1CF0070C965 /* Volunteering */ = {
			isa = PBXGroup;
			children = (
				D03A5E1828CCF1CF0070C965 /* VolunteeringDetails.swift */,
			);
			path = Volunteering;
			sourceTree = "<group>";
		};
		D03A5E1928CCF1CF0070C965 /* Educations */ = {
			isa = PBXGroup;
			children = (
				D03A5E1A28CCF1CF0070C965 /* EducationsHome.swift */,
				D03A5E1B28CCF1CF0070C965 /* RectangleView */,
				D03A5E1E28CCF1CF0070C965 /* ListView */,
				D03A5E2128CCF1CF0070C965 /* EducationsDetails.swift */,
			);
			path = Educations;
			sourceTree = "<group>";
		};
		D03A5E1B28CCF1CF0070C965 /* RectangleView */ = {
			isa = PBXGroup;
			children = (
				D03A5E1C28CCF1CF0070C965 /* EducationsRectangleListItem.swift */,
				D03A5E1D28CCF1CF0070C965 /* EducationsRectangleList.swift */,
			);
			path = RectangleView;
			sourceTree = "<group>";
		};
		D03A5E1E28CCF1CF0070C965 /* ListView */ = {
			isa = PBXGroup;
			children = (
				D03A5E1F28CCF1CF0070C965 /* EducationsListItem.swift */,
				D03A5E2028CCF1CF0070C965 /* EducationsList.swift */,
			);
			path = ListView;
			sourceTree = "<group>";
		};
		D03A5E2328CCF1CF0070C965 /* Helpers */ = {
			isa = PBXGroup;
			children = (
				D03A5E2428CCF1CF0070C965 /* MapView.swift */,
				D03A5E2528CCF1CF0070C965 /* CircleImage.swift */,
				D03A5E2628CCF1CF0070C965 /* Skill.swift */,
			);
			path = Helpers;
			sourceTree = "<group>";
		};
/* End PBXGroup section */

/* Begin PBXNativeTarget section */
		D03A5DD428CCF1870070C965 /* CurriculumVitaeTeisrud (iOS) */ = {
			isa = PBXNativeTarget;
			buildConfigurationList = D03A5DE628CCF1870070C965 /* Build configuration list for PBXNativeTarget "CurriculumVitaeTeisrud (iOS)" */;
			buildPhases = (
				D03A5DD128CCF1870070C965 /* Sources */,
				D03A5DD228CCF1870070C965 /* Frameworks */,
				D03A5DD328CCF1870070C965 /* Resources */,
			);
			buildRules = (
			);
			dependencies = (
			);
			name = "CurriculumVitaeTeisrud (iOS)";
			productName = "CurriculumVitaeTeisrud (iOS)";
			productReference = D03A5DD528CCF1870070C965 /* CurriculumVitaeTeisrud.app */;
			productType = "com.apple.product-type.application";
		};
		D03A5DDA28CCF1870070C965 /* CurriculumVitaeTeisrud (macOS) */ = {
			isa = PBXNativeTarget;
			buildConfigurationList = D03A5DE928CCF1870070C965 /* Build configuration list for PBXNativeTarget "CurriculumVitaeTeisrud (macOS)" */;
			buildPhases = (
				D03A5DD728CCF1870070C965 /* Sources */,
				D03A5DD828CCF1870070C965 /* Frameworks */,
				D03A5DD928CCF1870070C965 /* Resources */,
			);
			buildRules = (
			);
			dependencies = (
			);
			name = "CurriculumVitaeTeisrud (macOS)";
			productName = "CurriculumVitaeTeisrud (macOS)";
			productReference = D03A5DDB28CCF1870070C965 /* CurriculumVitaeTeisrud.app */;
			productType = "com.apple.product-type.application";
		};
/* End PBXNativeTarget section */

/* Begin PBXProject section */
		D03A5DC928CCF1850070C965 /* Project object */ = {
			isa = PBXProject;
			attributes = {
				BuildIndependentTargetsInParallel = 1;
				LastSwiftUpdateCheck = 1340;
				LastUpgradeCheck = 1340;
				TargetAttributes = {
					D03A5DD428CCF1870070C965 = {
						CreatedOnToolsVersion = 13.4.1;
					};
					D03A5DDA28CCF1870070C965 = {
						CreatedOnToolsVersion = 13.4.1;
					};
				};
			};
			buildConfigurationList = D03A5DCC28CCF1850070C965 /* Build configuration list for PBXProject "CurriculumVitaeTeisrud" */;
			compatibilityVersion = "Xcode 13.0";
			developmentRegion = en;
			hasScannedForEncodings = 0;
			knownRegions = (
				en,
				Base,
			);
			mainGroup = D03A5DC828CCF1850070C965;
			productRefGroup = D03A5DD628CCF1870070C965 /* Products */;
			projectDirPath = "";
			projectRoot = "";
			targets = (
				D03A5DD428CCF1870070C965 /* CurriculumVitaeTeisrud (iOS) */,
				D03A5DDA28CCF1870070C965 /* CurriculumVitaeTeisrud (macOS) */,
			);
		};
/* End PBXProject section */

/* Begin PBXResourcesBuildPhase section */
		D03A5DD328CCF1870070C965 /* Resources */ = {
			isa = PBXResourcesBuildPhase;
			buildActionMask = 2147483647;
			files = (
				D03A5E0928CCF1C20070C965 /* profile.json in Resources */,
				D03A5E0528CCF1C20070C965 /* educations.json in Resources */,
				D03A5DE228CCF1870070C965 /* Assets.xcassets in Resources */,
				D03A5E0728CCF1C20070C965 /* workExperience.json in Resources */,
				D03A5E0328CCF1C20070C965 /* volunteering.json in Resources */,
			);
			runOnlyForDeploymentPostprocessing = 0;
		};
		D03A5DD928CCF1870070C965 /* Resources */ = {
			isa = PBXResourcesBuildPhase;
			buildActionMask = 2147483647;
			files = (
				D03A5E0A28CCF1C20070C965 /* profile.json in Resources */,
				D03A5E0628CCF1C20070C965 /* educations.json in Resources */,
				D03A5DE328CCF1870070C965 /* Assets.xcassets in Resources */,
				D03A5E0828CCF1C20070C965 /* workExperience.json in Resources */,
				D03A5E0428CCF1C20070C965 /* volunteering.json in Resources */,
			);
			runOnlyForDeploymentPostprocessing = 0;
		};
/* End PBXResourcesBuildPhase section */

/* Begin PBXSourcesBuildPhase section */
		D03A5DD128CCF1870070C965 /* Sources */ = {
			isa = PBXSourcesBuildPhase;
			buildActionMask = 2147483647;
			files = (
				D03A5E0128CCF1C20070C965 /* Volunteering.swift in Sources */,
				D03A5E3828CCF1CF0070C965 /* Skill.swift in Sources */,
				D03A5E3128CCF1CF0070C965 /* EducationsRectangleList.swift in Sources */,
				D03A5E2828CCF1CF0070C965 /* WorkExperienceRectangleList.swift in Sources */,
				D03A5E3228CCF1CF0070C965 /* EducationsListItem.swift in Sources */,
				D03A5DFD28CCF1C20070C965 /* Eductaions.swift in Sources */,
				D03A5E3328CCF1CF0070C965 /* EducationsList.swift in Sources */,
				D03A5E2C28CCF1CF0070C965 /* WorkExperienceHome.swift in Sources */,
				D03A5DF928CCF1C20070C965 /* Profile.swift in Sources */,
				D03A5E3628CCF1CF0070C965 /* MapView.swift in Sources */,
				D03A5E2B28CCF1CF0070C965 /* WorkExperienceListItem.swift in Sources */,
				D03A5E2F28CCF1CF0070C965 /* EducationsHome.swift in Sources */,
				D03A5DFB28CCF1C20070C965 /* WorkExperience.swift in Sources */,
				D03A5E3528CCF1CF0070C965 /* ContentView.swift in Sources */,
				D03A5E3428CCF1CF0070C965 /* EducationsDetails.swift in Sources */,
				D03A5E3028CCF1CF0070C965 /* EducationsRectangleListItem.swift in Sources */,
				D03A5E2A28CCF1CF0070C965 /* WorkExperienceList.swift in Sources */,
				D03A5E3728CCF1CF0070C965 /* CircleImage.swift in Sources */,
				D03A5DDE28CCF1870070C965 /* CurriculumVitaeTeisrudApp.swift in Sources */,
				D03A5E2E28CCF1CF0070C965 /* VolunteeringDetails.swift in Sources */,
				D03A5E2D28CCF1CF0070C965 /* ProfilePage.swift in Sources */,
				D03A5E2928CCF1CF0070C965 /* WorkExperienceRectangleListItem.swift in Sources */,
				D03A5DFF28CCF1C20070C965 /* ModelData.swift in Sources */,
				D03A5E2728CCF1CF0070C965 /* WorkExperienceDetails.swift in Sources */,
			);
			runOnlyForDeploymentPostprocessing = 0;
		};
		D03A5DD728CCF1870070C965 /* Sources */ = {
			isa = PBXSourcesBuildPhase;
			buildActionMask = 2147483647;
			files = (
				D03A5E0228CCF1C20070C965 /* Volunteering.swift in Sources */,
				D03A5DE128CCF1870070C965 /* ContentView.swift in Sources */,
				D03A5DFE28CCF1C20070C965 /* Eductaions.swift in Sources */,
				D03A5DFA28CCF1C20070C965 /* Profile.swift in Sources */,
				D03A5DFC28CCF1C20070C965 /* WorkExperience.swift in Sources */,
				D03A5DDF28CCF1870070C965 /* CurriculumVitaeTeisrudApp.swift in Sources */,
				D03A5E0028CCF1C20070C965 /* ModelData.swift in Sources */,
			);
			runOnlyForDeploymentPostprocessing = 0;
		};
/* End PBXSourcesBuildPhase section */

/* Begin XCBuildConfiguration section */
		D03A5DE428CCF1870070C965 /* Debug */ = {
			isa = XCBuildConfiguration;
			buildSettings = {
				ALWAYS_SEARCH_USER_PATHS = NO;
				CLANG_ANALYZER_NONNULL = YES;
				CLANG_ANALYZER_NUMBER_OBJECT_CONVERSION = YES_AGGRESSIVE;
				CLANG_CXX_LANGUAGE_STANDARD = "gnu++17";
				CLANG_ENABLE_MODULES = YES;
				CLANG_ENABLE_OBJC_ARC = YES;
				CLANG_ENABLE_OBJC_WEAK = YES;
				CLANG_WARN_BLOCK_CAPTURE_AUTORELEASING = YES;
				CLANG_WARN_BOOL_CONVERSION = YES;
				CLANG_WARN_COMMA = YES;
				CLANG_WARN_CONSTANT_CONVERSION = YES;
				CLANG_WARN_DEPRECATED_OBJC_IMPLEMENTATIONS = YES;
				CLANG_WARN_DIRECT_OBJC_ISA_USAGE = YES_ERROR;
				CLANG_WARN_DOCUMENTATION_COMMENTS = YES;
				CLANG_WARN_EMPTY_BODY = YES;
				CLANG_WARN_ENUM_CONVERSION = YES;
				CLANG_WARN_INFINITE_RECURSION = YES;
				CLANG_WARN_INT_CONVERSION = YES;
				CLANG_WARN_NON_LITERAL_NULL_CONVERSION = YES;
				CLANG_WARN_OBJC_IMPLICIT_RETAIN_SELF = YES;
				CLANG_WARN_OBJC_LITERAL_CONVERSION = YES;
				CLANG_WARN_OBJC_ROOT_CLASS = YES_ERROR;
				CLANG_WARN_QUOTED_INCLUDE_IN_FRAMEWORK_HEADER = YES;
				CLANG_WARN_RANGE_LOOP_ANALYSIS = YES;
				CLANG_WARN_STRICT_PROTOTYPES = YES;
				CLANG_WARN_SUSPICIOUS_MOVE = YES;
				CLANG_WARN_UNGUARDED_AVAILABILITY = YES_AGGRESSIVE;
				CLANG_WARN_UNREACHABLE_CODE = YES;
				CLANG_WARN__DUPLICATE_METHOD_MATCH = YES;
				COPY_PHASE_STRIP = NO;
				DEBUG_INFORMATION_FORMAT = dwarf;
				ENABLE_STRICT_OBJC_MSGSEND = YES;
				ENABLE_TESTABILITY = YES;
				GCC_C_LANGUAGE_STANDARD = gnu11;
				GCC_DYNAMIC_NO_PIC = NO;
				GCC_NO_COMMON_BLOCKS = YES;
				GCC_OPTIMIZATION_LEVEL = 0;
				GCC_PREPROCESSOR_DEFINITIONS = (
					"DEBUG=1",
					"$(inherited)",
				);
				GCC_WARN_64_TO_32_BIT_CONVERSION = YES;
				GCC_WARN_ABOUT_RETURN_TYPE = YES_ERROR;
				GCC_WARN_UNDECLARED_SELECTOR = YES;
				GCC_WARN_UNINITIALIZED_AUTOS = YES_AGGRESSIVE;
				GCC_WARN_UNUSED_FUNCTION = YES;
				GCC_WARN_UNUSED_VARIABLE = YES;
				MTL_ENABLE_DEBUG_INFO = INCLUDE_SOURCE;
				MTL_FAST_MATH = YES;
				ONLY_ACTIVE_ARCH = YES;
				SWIFT_ACTIVE_COMPILATION_CONDITIONS = DEBUG;
				SWIFT_OPTIMIZATION_LEVEL = "-Onone";
			};
			name = Debug;
		};
		D03A5DE528CCF1870070C965 /* Release */ = {
			isa = XCBuildConfiguration;
			buildSettings = {
				ALWAYS_SEARCH_USER_PATHS = NO;
				CLANG_ANALYZER_NONNULL = YES;
				CLANG_ANALYZER_NUMBER_OBJECT_CONVERSION = YES_AGGRESSIVE;
				CLANG_CXX_LANGUAGE_STANDARD = "gnu++17";
				CLANG_ENABLE_MODULES = YES;
				CLANG_ENABLE_OBJC_ARC = YES;
				CLANG_ENABLE_OBJC_WEAK = YES;
				CLANG_WARN_BLOCK_CAPTURE_AUTORELEASING = YES;
				CLANG_WARN_BOOL_CONVERSION = YES;
				CLANG_WARN_COMMA = YES;
				CLANG_WARN_CONSTANT_CONVERSION = YES;
				CLANG_WARN_DEPRECATED_OBJC_IMPLEMENTATIONS = YES;
				CLANG_WARN_DIRECT_OBJC_ISA_USAGE = YES_ERROR;
				CLANG_WARN_DOCUMENTATION_COMMENTS = YES;
				CLANG_WARN_EMPTY_BODY = YES;
				CLANG_WARN_ENUM_CONVERSION = YES;
				CLANG_WARN_INFINITE_RECURSION = YES;
				CLANG_WARN_INT_CONVERSION = YES;
				CLANG_WARN_NON_LITERAL_NULL_CONVERSION = YES;
				CLANG_WARN_OBJC_IMPLICIT_RETAIN_SELF = YES;
				CLANG_WARN_OBJC_LITERAL_CONVERSION = YES;
				CLANG_WARN_OBJC_ROOT_CLASS = YES_ERROR;
				CLANG_WARN_QUOTED_INCLUDE_IN_FRAMEWORK_HEADER = YES;
				CLANG_WARN_RANGE_LOOP_ANALYSIS = YES;
				CLANG_WARN_STRICT_PROTOTYPES = YES;
				CLANG_WARN_SUSPICIOUS_MOVE = YES;
				CLANG_WARN_UNGUARDED_AVAILABILITY = YES_AGGRESSIVE;
				CLANG_WARN_UNREACHABLE_CODE = YES;
				CLANG_WARN__DUPLICATE_METHOD_MATCH = YES;
				COPY_PHASE_STRIP = NO;
				DEBUG_INFORMATION_FORMAT = "dwarf-with-dsym";
				ENABLE_NS_ASSERTIONS = NO;
				ENABLE_STRICT_OBJC_MSGSEND = YES;
				GCC_C_LANGUAGE_STANDARD = gnu11;
				GCC_NO_COMMON_BLOCKS = YES;
				GCC_WARN_64_TO_32_BIT_CONVERSION = YES;
				GCC_WARN_ABOUT_RETURN_TYPE = YES_ERROR;
				GCC_WARN_UNDECLARED_SELECTOR = YES;
				GCC_WARN_UNINITIALIZED_AUTOS = YES_AGGRESSIVE;
				GCC_WARN_UNUSED_FUNCTION = YES;
				GCC_WARN_UNUSED_VARIABLE = YES;
				MTL_ENABLE_DEBUG_INFO = NO;
				MTL_FAST_MATH = YES;
				SWIFT_COMPILATION_MODE = wholemodule;
				SWIFT_OPTIMIZATION_LEVEL = "-O";
			};
			name = Release;
		};
		D03A5DE728CCF1870070C965 /* Debug */ = {
			isa = XCBuildConfiguration;
			buildSettings = {
				ASSETCATALOG_COMPILER_APPICON_NAME = AppIcon;
				ASSETCATALOG_COMPILER_GLOBAL_ACCENT_COLOR_NAME = AccentColor;
				CODE_SIGN_STYLE = Automatic;
				CURRENT_PROJECT_VERSION = 1;
				DEVELOPMENT_TEAM = JFQR2M654C;
				ENABLE_PREVIEWS = YES;
				GENERATE_INFOPLIST_FILE = YES;
				INFOPLIST_KEY_UIApplicationSceneManifest_Generation = YES;
				INFOPLIST_KEY_UIApplicationSupportsIndirectInputEvents = YES;
				INFOPLIST_KEY_UILaunchScreen_Generation = YES;
				INFOPLIST_KEY_UISupportedInterfaceOrientations = UIInterfaceOrientationPortrait;
				INFOPLIST_KEY_UISupportedInterfaceOrientations_iPad = "UIInterfaceOrientationPortrait UIInterfaceOrientationPortraitUpsideDown UIInterfaceOrientationLandscapeLeft UIInterfaceOrientationLandscapeRight";
				INFOPLIST_KEY_UISupportedInterfaceOrientations_iPhone = "UIInterfaceOrientationPortrait UIInterfaceOrientationLandscapeLeft UIInterfaceOrientationLandscapeRight";
				IPHONEOS_DEPLOYMENT_TARGET = 15.5;
				LD_RUNPATH_SEARCH_PATHS = (
					"$(inherited)",
					"@executable_path/Frameworks",
				);
				MARKETING_VERSION = 1.0;
				PRODUCT_BUNDLE_IDENTIFIER = no.teisrud.CurriculumVitaeTeisrud;
				PRODUCT_NAME = CurriculumVitaeTeisrud;
				SDKROOT = iphoneos;
				SWIFT_EMIT_LOC_STRINGS = YES;
				SWIFT_VERSION = 5.0;
				TARGETED_DEVICE_FAMILY = 1;
			};
			name = Debug;
		};
		D03A5DE828CCF1870070C965 /* Release */ = {
			isa = XCBuildConfiguration;
			buildSettings = {
				ASSETCATALOG_COMPILER_APPICON_NAME = AppIcon;
				ASSETCATALOG_COMPILER_GLOBAL_ACCENT_COLOR_NAME = AccentColor;
				CODE_SIGN_STYLE = Automatic;
				CURRENT_PROJECT_VERSION = 1;
				DEVELOPMENT_TEAM = JFQR2M654C;
				ENABLE_PREVIEWS = YES;
				GENERATE_INFOPLIST_FILE = YES;
				INFOPLIST_KEY_UIApplicationSceneManifest_Generation = YES;
				INFOPLIST_KEY_UIApplicationSupportsIndirectInputEvents = YES;
				INFOPLIST_KEY_UILaunchScreen_Generation = YES;
				INFOPLIST_KEY_UISupportedInterfaceOrientations = UIInterfaceOrientationPortrait;
				INFOPLIST_KEY_UISupportedInterfaceOrientations_iPad = "UIInterfaceOrientationPortrait UIInterfaceOrientationPortraitUpsideDown UIInterfaceOrientationLandscapeLeft UIInterfaceOrientationLandscapeRight";
				INFOPLIST_KEY_UISupportedInterfaceOrientations_iPhone = "UIInterfaceOrientationPortrait UIInterfaceOrientationLandscapeLeft UIInterfaceOrientationLandscapeRight";
				IPHONEOS_DEPLOYMENT_TARGET = 15.5;
				LD_RUNPATH_SEARCH_PATHS = (
					"$(inherited)",
					"@executable_path/Frameworks",
				);
				MARKETING_VERSION = 1.0;
				PRODUCT_BUNDLE_IDENTIFIER = no.teisrud.CurriculumVitaeTeisrud;
				PRODUCT_NAME = CurriculumVitaeTeisrud;
				SDKROOT = iphoneos;
				SWIFT_EMIT_LOC_STRINGS = YES;
				SWIFT_VERSION = 5.0;
				TARGETED_DEVICE_FAMILY = 1;
				VALIDATE_PRODUCT = YES;
			};
			name = Release;
		};
		D03A5DEA28CCF1870070C965 /* Debug */ = {
			isa = XCBuildConfiguration;
			buildSettings = {
				ASSETCATALOG_COMPILER_APPICON_NAME = AppIcon;
				ASSETCATALOG_COMPILER_GLOBAL_ACCENT_COLOR_NAME = AccentColor;
				CODE_SIGN_ENTITLEMENTS = macOS/macOS.entitlements;
				CODE_SIGN_STYLE = Automatic;
				COMBINE_HIDPI_IMAGES = YES;
				CURRENT_PROJECT_VERSION = 1;
				DEVELOPMENT_TEAM = JFQR2M654C;
				ENABLE_HARDENED_RUNTIME = YES;
				ENABLE_PREVIEWS = YES;
				GENERATE_INFOPLIST_FILE = YES;
				INFOPLIST_KEY_NSHumanReadableCopyright = "";
				LD_RUNPATH_SEARCH_PATHS = (
					"$(inherited)",
					"@executable_path/../Frameworks",
				);
				MACOSX_DEPLOYMENT_TARGET = 12.3;
				MARKETING_VERSION = 1.0;
				PRODUCT_BUNDLE_IDENTIFIER = no.teisrud.CurriculumVitaeTeisrud;
				PRODUCT_NAME = CurriculumVitaeTeisrud;
				SDKROOT = macosx;
				SWIFT_EMIT_LOC_STRINGS = YES;
				SWIFT_VERSION = 5.0;
			};
			name = Debug;
		};
		D03A5DEB28CCF1870070C965 /* Release */ = {
			isa = XCBuildConfiguration;
			buildSettings = {
				ASSETCATALOG_COMPILER_APPICON_NAME = AppIcon;
				ASSETCATALOG_COMPILER_GLOBAL_ACCENT_COLOR_NAME = AccentColor;
				CODE_SIGN_ENTITLEMENTS = macOS/macOS.entitlements;
				CODE_SIGN_STYLE = Automatic;
				COMBINE_HIDPI_IMAGES = YES;
				CURRENT_PROJECT_VERSION = 1;
				DEVELOPMENT_TEAM = JFQR2M654C;
				ENABLE_HARDENED_RUNTIME = YES;
				ENABLE_PREVIEWS = YES;
				GENERATE_INFOPLIST_FILE = YES;
				INFOPLIST_KEY_NSHumanReadableCopyright = "";
				LD_RUNPATH_SEARCH_PATHS = (
					"$(inherited)",
					"@executable_path/../Frameworks",
				);
				MACOSX_DEPLOYMENT_TARGET = 12.3;
				MARKETING_VERSION = 1.0;
				PRODUCT_BUNDLE_IDENTIFIER = no.teisrud.CurriculumVitaeTeisrud;
				PRODUCT_NAME = CurriculumVitaeTeisrud;
				SDKROOT = macosx;
				SWIFT_EMIT_LOC_STRINGS = YES;
				SWIFT_VERSION = 5.0;
			};
			name = Release;
		};
/* End XCBuildConfiguration section */

/* Begin XCConfigurationList section */
		D03A5DCC28CCF1850070C965 /* Build configuration list for PBXProject "CurriculumVitaeTeisrud" */ = {
			isa = XCConfigurationList;
			buildConfigurations = (
				D03A5DE428CCF1870070C965 /* Debug */,
				D03A5DE528CCF1870070C965 /* Release */,
			);
			defaultConfigurationIsVisible = 0;
			defaultConfigurationName = Release;
		};
		D03A5DE628CCF1870070C965 /* Build configuration list for PBXNativeTarget "CurriculumVitaeTeisrud (iOS)" */ = {
			isa = XCConfigurationList;
			buildConfigurations = (
				D03A5DE728CCF1870070C965 /* Debug */,
				D03A5DE828CCF1870070C965 /* Release */,
			);
			defaultConfigurationIsVisible = 0;
			defaultConfigurationName = Release;
		};
		D03A5DE928CCF1870070C965 /* Build configuration list for PBXNativeTarget "CurriculumVitaeTeisrud (macOS)" */ = {
			isa = XCConfigurationList;
			buildConfigurations = (
				D03A5DEA28CCF1870070C965 /* Debug */,
				D03A5DEB28CCF1870070C965 /* Release */,
			);
			defaultConfigurationIsVisible = 0;
			defaultConfigurationName = Release;
		};
/* End XCConfigurationList section */
	};
	rootObject = D03A5DC928CCF1850070C965 /* Project object */;
}
