// !$*UTF8*$!
{
	archiveVersion = 1;
	classes = {
	};
	objectVersion = 55;
	objects = {

/* Begin PBXBuildFile section */
		D012689828BDF3410041A9AC /* profile.json in Resources */ = {isa = PBXBuildFile; fileRef = D012689528BDF3410041A9AC /* profile.json */; };
		D012689A28BDF3410041A9AC /* workExperience.json in Resources */ = {isa = PBXBuildFile; fileRef = D012689728BDF3410041A9AC /* workExperience.json */; };
		D012689C28BDF3460041A9AC /* educations.json in Resources */ = {isa = PBXBuildFile; fileRef = D012689B28BDF3460041A9AC /* educations.json */; };
		D012689E28BDF3A40041A9AC /* volunteering.json in Resources */ = {isa = PBXBuildFile; fileRef = D012689D28BDF3A40041A9AC /* volunteering.json */; };
		D01268A028BDF59E0041A9AC /* Volunteering.swift in Sources */ = {isa = PBXBuildFile; fileRef = D012689F28BDF59E0041A9AC /* Volunteering.swift */; };
		D01268A228BDFAE10041A9AC /* WorkExperience.swift in Sources */ = {isa = PBXBuildFile; fileRef = D01268A128BDFAE10041A9AC /* WorkExperience.swift */; };
		D01268A428BDFAEE0041A9AC /* Eductaions.swift in Sources */ = {isa = PBXBuildFile; fileRef = D01268A328BDFAEE0041A9AC /* Eductaions.swift */; };
		D01268A628BE04580041A9AC /* EducationsHome.swift in Sources */ = {isa = PBXBuildFile; fileRef = D01268A528BE04580041A9AC /* EducationsHome.swift */; };
		D01268A828BE046A0041A9AC /* EducationsDetails.swift in Sources */ = {isa = PBXBuildFile; fileRef = D01268A728BE046A0041A9AC /* EducationsDetails.swift */; };
		D01268AA28BE18820041A9AC /* WorkExperienceHome.swift in Sources */ = {isa = PBXBuildFile; fileRef = D01268A928BE18820041A9AC /* WorkExperienceHome.swift */; };
		D01268AC28BE21EC0041A9AC /* WorkExperienceDetails.swift in Sources */ = {isa = PBXBuildFile; fileRef = D01268AB28BE21EC0041A9AC /* WorkExperienceDetails.swift */; };
		D01268AE28BE6BAF0041A9AC /* WorkExperienceItem.swift in Sources */ = {isa = PBXBuildFile; fileRef = D01268AD28BE6BAF0041A9AC /* WorkExperienceItem.swift */; };
		D01268B028BE6C370041A9AC /* EducationsItem.swift in Sources */ = {isa = PBXBuildFile; fileRef = D01268AF28BE6C370041A9AC /* EducationsItem.swift */; };
		D04C3CE728BD744800523B0C /* CurriculumVitaeTeisrudApp.swift in Sources */ = {isa = PBXBuildFile; fileRef = D04C3CE628BD744800523B0C /* CurriculumVitaeTeisrudApp.swift */; };
		D04C3CE928BD744800523B0C /* ContentView.swift in Sources */ = {isa = PBXBuildFile; fileRef = D04C3CE828BD744800523B0C /* ContentView.swift */; };
		D04C3CEB28BD744A00523B0C /* Assets.xcassets in Resources */ = {isa = PBXBuildFile; fileRef = D04C3CEA28BD744A00523B0C /* Assets.xcassets */; };
		D04C3CEE28BD744A00523B0C /* Preview Assets.xcassets in Resources */ = {isa = PBXBuildFile; fileRef = D04C3CED28BD744A00523B0C /* Preview Assets.xcassets */; };
		D04C3CF828BD785F00523B0C /* ProfilePage.swift in Sources */ = {isa = PBXBuildFile; fileRef = D04C3CF728BD785F00523B0C /* ProfilePage.swift */; };
		D04C3CFB28BD793A00523B0C /* MapView.swift in Sources */ = {isa = PBXBuildFile; fileRef = D04C3CFA28BD793A00523B0C /* MapView.swift */; };
		D04C3D0028BD7C6D00523B0C /* CircleImage.swift in Sources */ = {isa = PBXBuildFile; fileRef = D04C3CFF28BD7C6D00523B0C /* CircleImage.swift */; };
		D04C3D0428BD893400523B0C /* VolunteeringHome.swift in Sources */ = {isa = PBXBuildFile; fileRef = D04C3D0328BD893400523B0C /* VolunteeringHome.swift */; };
		D04C3D0628BD89A400523B0C /* VolunteeringItem.swift in Sources */ = {isa = PBXBuildFile; fileRef = D04C3D0528BD89A400523B0C /* VolunteeringItem.swift */; };
		D04C3D0828BD8D7300523B0C /* VolunteeringDetails.swift in Sources */ = {isa = PBXBuildFile; fileRef = D04C3D0728BD8D7300523B0C /* VolunteeringDetails.swift */; };
		D04C3D0B28BD929300523B0C /* ModelData.swift in Sources */ = {isa = PBXBuildFile; fileRef = D04C3D0A28BD929300523B0C /* ModelData.swift */; };
		D04C3D0D28BD92ED00523B0C /* Profile.swift in Sources */ = {isa = PBXBuildFile; fileRef = D04C3D0C28BD92ED00523B0C /* Profile.swift */; };
/* End PBXBuildFile section */

/* Begin PBXFileReference section */
		D012689528BDF3410041A9AC /* profile.json */ = {isa = PBXFileReference; fileEncoding = 4; lastKnownFileType = text.json; path = profile.json; sourceTree = "<group>"; };
		D012689728BDF3410041A9AC /* workExperience.json */ = {isa = PBXFileReference; fileEncoding = 4; lastKnownFileType = text.json; path = workExperience.json; sourceTree = "<group>"; };
		D012689B28BDF3460041A9AC /* educations.json */ = {isa = PBXFileReference; fileEncoding = 4; lastKnownFileType = text.json; path = educations.json; sourceTree = "<group>"; };
		D012689D28BDF3A40041A9AC /* volunteering.json */ = {isa = PBXFileReference; fileEncoding = 4; lastKnownFileType = text.json; path = volunteering.json; sourceTree = "<group>"; };
		D012689F28BDF59E0041A9AC /* Volunteering.swift */ = {isa = PBXFileReference; lastKnownFileType = sourcecode.swift; path = Volunteering.swift; sourceTree = "<group>"; };
		D01268A128BDFAE10041A9AC /* WorkExperience.swift */ = {isa = PBXFileReference; lastKnownFileType = sourcecode.swift; path = WorkExperience.swift; sourceTree = "<group>"; };
		D01268A328BDFAEE0041A9AC /* Eductaions.swift */ = {isa = PBXFileReference; lastKnownFileType = sourcecode.swift; path = Eductaions.swift; sourceTree = "<group>"; };
		D01268A528BE04580041A9AC /* EducationsHome.swift */ = {isa = PBXFileReference; lastKnownFileType = sourcecode.swift; path = EducationsHome.swift; sourceTree = "<group>"; };
		D01268A728BE046A0041A9AC /* EducationsDetails.swift */ = {isa = PBXFileReference; lastKnownFileType = sourcecode.swift; path = EducationsDetails.swift; sourceTree = "<group>"; };
		D01268A928BE18820041A9AC /* WorkExperienceHome.swift */ = {isa = PBXFileReference; lastKnownFileType = sourcecode.swift; path = WorkExperienceHome.swift; sourceTree = "<group>"; };
		D01268AB28BE21EC0041A9AC /* WorkExperienceDetails.swift */ = {isa = PBXFileReference; lastKnownFileType = sourcecode.swift; path = WorkExperienceDetails.swift; sourceTree = "<group>"; };
		D01268AD28BE6BAF0041A9AC /* WorkExperienceItem.swift */ = {isa = PBXFileReference; lastKnownFileType = sourcecode.swift; path = WorkExperienceItem.swift; sourceTree = "<group>"; };
		D01268AF28BE6C370041A9AC /* EducationsItem.swift */ = {isa = PBXFileReference; lastKnownFileType = sourcecode.swift; path = EducationsItem.swift; sourceTree = "<group>"; };
		D04C3CE328BD744800523B0C /* CurriculumVitaeTeisrud.app */ = {isa = PBXFileReference; explicitFileType = wrapper.application; includeInIndex = 0; path = CurriculumVitaeTeisrud.app; sourceTree = BUILT_PRODUCTS_DIR; };
		D04C3CE628BD744800523B0C /* CurriculumVitaeTeisrudApp.swift */ = {isa = PBXFileReference; lastKnownFileType = sourcecode.swift; path = CurriculumVitaeTeisrudApp.swift; sourceTree = "<group>"; };
		D04C3CE828BD744800523B0C /* ContentView.swift */ = {isa = PBXFileReference; lastKnownFileType = sourcecode.swift; path = ContentView.swift; sourceTree = "<group>"; };
		D04C3CEA28BD744A00523B0C /* Assets.xcassets */ = {isa = PBXFileReference; lastKnownFileType = folder.assetcatalog; path = Assets.xcassets; sourceTree = "<group>"; };
		D04C3CED28BD744A00523B0C /* Preview Assets.xcassets */ = {isa = PBXFileReference; lastKnownFileType = folder.assetcatalog; path = "Preview Assets.xcassets"; sourceTree = "<group>"; };
		D04C3CF728BD785F00523B0C /* ProfilePage.swift */ = {isa = PBXFileReference; lastKnownFileType = sourcecode.swift; path = ProfilePage.swift; sourceTree = "<group>"; };
		D04C3CFA28BD793A00523B0C /* MapView.swift */ = {isa = PBXFileReference; lastKnownFileType = sourcecode.swift; path = MapView.swift; sourceTree = "<group>"; };
		D04C3CFF28BD7C6D00523B0C /* CircleImage.swift */ = {isa = PBXFileReference; lastKnownFileType = sourcecode.swift; path = CircleImage.swift; sourceTree = "<group>"; };
		D04C3D0328BD893400523B0C /* VolunteeringHome.swift */ = {isa = PBXFileReference; lastKnownFileType = sourcecode.swift; path = VolunteeringHome.swift; sourceTree = "<group>"; };
		D04C3D0528BD89A400523B0C /* VolunteeringItem.swift */ = {isa = PBXFileReference; lastKnownFileType = sourcecode.swift; path = VolunteeringItem.swift; sourceTree = "<group>"; };
		D04C3D0728BD8D7300523B0C /* VolunteeringDetails.swift */ = {isa = PBXFileReference; lastKnownFileType = sourcecode.swift; path = VolunteeringDetails.swift; sourceTree = "<group>"; };
		D04C3D0A28BD929300523B0C /* ModelData.swift */ = {isa = PBXFileReference; lastKnownFileType = sourcecode.swift; path = ModelData.swift; sourceTree = "<group>"; };
		D04C3D0C28BD92ED00523B0C /* Profile.swift */ = {isa = PBXFileReference; lastKnownFileType = sourcecode.swift; path = Profile.swift; sourceTree = "<group>"; };
/* End PBXFileReference section */

/* Begin PBXFrameworksBuildPhase section */
		D04C3CE028BD744800523B0C /* Frameworks */ = {
			isa = PBXFrameworksBuildPhase;
			buildActionMask = 2147483647;
			files = (
			);
			runOnlyForDeploymentPostprocessing = 0;
		};
/* End PBXFrameworksBuildPhase section */

/* Begin PBXGroup section */
		D04C3CDA28BD744800523B0C = {
			isa = PBXGroup;
			children = (
				D04C3CE528BD744800523B0C /* CurriculumVitaeTeisrud */,
				D04C3CE428BD744800523B0C /* Products */,
			);
			sourceTree = "<group>";
		};
		D04C3CE428BD744800523B0C /* Products */ = {
			isa = PBXGroup;
			children = (
				D04C3CE328BD744800523B0C /* CurriculumVitaeTeisrud.app */,
			);
			name = Products;
			sourceTree = "<group>";
		};
		D04C3CE528BD744800523B0C /* CurriculumVitaeTeisrud */ = {
			isa = PBXGroup;
			children = (
				D04C3CE628BD744800523B0C /* CurriculumVitaeTeisrudApp.swift */,
				D04C3CF528BD77DF00523B0C /* Views */,
				D04C3D0928BD927800523B0C /* Model */,
				D04C3CFC28BD7AB400523B0C /* Resources */,
				D04C3CEA28BD744A00523B0C /* Assets.xcassets */,
				D04C3CEC28BD744A00523B0C /* Preview Content */,
			);
			path = CurriculumVitaeTeisrud;
			sourceTree = "<group>";
		};
		D04C3CEC28BD744A00523B0C /* Preview Content */ = {
			isa = PBXGroup;
			children = (
				D04C3CED28BD744A00523B0C /* Preview Assets.xcassets */,
			);
			path = "Preview Content";
			sourceTree = "<group>";
		};
		D04C3CF428BD77CA00523B0C /* Profile */ = {
			isa = PBXGroup;
			children = (
				D04C3CF728BD785F00523B0C /* ProfilePage.swift */,
			);
			path = Profile;
			sourceTree = "<group>";
		};
		D04C3CF528BD77DF00523B0C /* Views */ = {
			isa = PBXGroup;
			children = (
				D04C3CE828BD744800523B0C /* ContentView.swift */,
				D04C3CF628BD77FA00523B0C /* Educations */,
				D04C3D0228BD887700523B0C /* WorkExperience */,
				D04C3D0128BD885E00523B0C /* Volunteering */,
				D04C3CF428BD77CA00523B0C /* Profile */,
				D04C3CF928BD792000523B0C /* Helpers */,
			);
			path = Views;
			sourceTree = "<group>";
		};
		D04C3CF628BD77FA00523B0C /* Educations */ = {
			isa = PBXGroup;
			children = (
				D01268A528BE04580041A9AC /* EducationsHome.swift */,
				D01268AF28BE6C370041A9AC /* EducationsItem.swift */,
				D01268A728BE046A0041A9AC /* EducationsDetails.swift */,
			);
			path = Educations;
			sourceTree = "<group>";
		};
		D04C3CF928BD792000523B0C /* Helpers */ = {
			isa = PBXGroup;
			children = (
				D04C3CFA28BD793A00523B0C /* MapView.swift */,
				D04C3CFF28BD7C6D00523B0C /* CircleImage.swift */,
			);
			path = Helpers;
			sourceTree = "<group>";
		};
		D04C3CFC28BD7AB400523B0C /* Resources */ = {
			isa = PBXGroup;
			children = (
				D012689B28BDF3460041A9AC /* educations.json */,
				D012689728BDF3410041A9AC /* workExperience.json */,
				D012689D28BDF3A40041A9AC /* volunteering.json */,
				D012689528BDF3410041A9AC /* profile.json */,
			);
			path = Resources;
			sourceTree = "<group>";
		};
		D04C3D0128BD885E00523B0C /* Volunteering */ = {
			isa = PBXGroup;
			children = (
				D04C3D0328BD893400523B0C /* VolunteeringHome.swift */,
				D04C3D0528BD89A400523B0C /* VolunteeringItem.swift */,
				D04C3D0728BD8D7300523B0C /* VolunteeringDetails.swift */,
			);
			path = Volunteering;
			sourceTree = "<group>";
		};
		D04C3D0228BD887700523B0C /* WorkExperience */ = {
			isa = PBXGroup;
			children = (
				D01268A928BE18820041A9AC /* WorkExperienceHome.swift */,
				D01268AD28BE6BAF0041A9AC /* WorkExperienceItem.swift */,
				D01268AB28BE21EC0041A9AC /* WorkExperienceDetails.swift */,
			);
			path = WorkExperience;
			sourceTree = "<group>";
		};
		D04C3D0928BD927800523B0C /* Model */ = {
			isa = PBXGroup;
			children = (
				D04C3D0A28BD929300523B0C /* ModelData.swift */,
				D01268A328BDFAEE0041A9AC /* Eductaions.swift */,
				D01268A128BDFAE10041A9AC /* WorkExperience.swift */,
				D012689F28BDF59E0041A9AC /* Volunteering.swift */,
				D04C3D0C28BD92ED00523B0C /* Profile.swift */,
			);
			path = Model;
			sourceTree = "<group>";
		};
/* End PBXGroup section */

/* Begin PBXNativeTarget section */
		D04C3CE228BD744800523B0C /* CurriculumVitaeTeisrud */ = {
			isa = PBXNativeTarget;
			buildConfigurationList = D04C3CF128BD744A00523B0C /* Build configuration list for PBXNativeTarget "CurriculumVitaeTeisrud" */;
			buildPhases = (
				D04C3CDF28BD744800523B0C /* Sources */,
				D04C3CE028BD744800523B0C /* Frameworks */,
				D04C3CE128BD744800523B0C /* Resources */,
			);
			buildRules = (
			);
			dependencies = (
			);
			name = CurriculumVitaeTeisrud;
			productName = CurriculumVitaeTeisrud;
			productReference = D04C3CE328BD744800523B0C /* CurriculumVitaeTeisrud.app */;
			productType = "com.apple.product-type.application";
		};
/* End PBXNativeTarget section */

/* Begin PBXProject section */
		D04C3CDB28BD744800523B0C /* Project object */ = {
			isa = PBXProject;
			attributes = {
				BuildIndependentTargetsInParallel = 1;
				LastSwiftUpdateCheck = 1340;
				LastUpgradeCheck = 1340;
				TargetAttributes = {
					D04C3CE228BD744800523B0C = {
						CreatedOnToolsVersion = 13.4.1;
					};
				};
			};
			buildConfigurationList = D04C3CDE28BD744800523B0C /* Build configuration list for PBXProject "CurriculumVitaeTeisrud" */;
			compatibilityVersion = "Xcode 13.0";
			developmentRegion = en;
			hasScannedForEncodings = 0;
			knownRegions = (
				en,
				Base,
			);
			mainGroup = D04C3CDA28BD744800523B0C;
			productRefGroup = D04C3CE428BD744800523B0C /* Products */;
			projectDirPath = "";
			projectRoot = "";
			targets = (
				D04C3CE228BD744800523B0C /* CurriculumVitaeTeisrud */,
			);
		};
/* End PBXProject section */

/* Begin PBXResourcesBuildPhase section */
		D04C3CE128BD744800523B0C /* Resources */ = {
			isa = PBXResourcesBuildPhase;
			buildActionMask = 2147483647;
			files = (
				D012689A28BDF3410041A9AC /* workExperience.json in Resources */,
				D012689E28BDF3A40041A9AC /* volunteering.json in Resources */,
				D012689C28BDF3460041A9AC /* educations.json in Resources */,
				D04C3CEE28BD744A00523B0C /* Preview Assets.xcassets in Resources */,
				D012689828BDF3410041A9AC /* profile.json in Resources */,
				D04C3CEB28BD744A00523B0C /* Assets.xcassets in Resources */,
			);
			runOnlyForDeploymentPostprocessing = 0;
		};
/* End PBXResourcesBuildPhase section */

/* Begin PBXSourcesBuildPhase section */
		D04C3CDF28BD744800523B0C /* Sources */ = {
			isa = PBXSourcesBuildPhase;
			buildActionMask = 2147483647;
			files = (
				D01268A828BE046A0041A9AC /* EducationsDetails.swift in Sources */,
				D04C3D0428BD893400523B0C /* VolunteeringHome.swift in Sources */,
				D04C3D0D28BD92ED00523B0C /* Profile.swift in Sources */,
				D04C3CF828BD785F00523B0C /* ProfilePage.swift in Sources */,
				D04C3D0B28BD929300523B0C /* ModelData.swift in Sources */,
				D01268AE28BE6BAF0041A9AC /* WorkExperienceItem.swift in Sources */,
				D04C3D0628BD89A400523B0C /* VolunteeringItem.swift in Sources */,
				D04C3CFB28BD793A00523B0C /* MapView.swift in Sources */,
				D01268AA28BE18820041A9AC /* WorkExperienceHome.swift in Sources */,
				D04C3D0828BD8D7300523B0C /* VolunteeringDetails.swift in Sources */,
				D01268A628BE04580041A9AC /* EducationsHome.swift in Sources */,
				D01268B028BE6C370041A9AC /* EducationsItem.swift in Sources */,
				D01268A428BDFAEE0041A9AC /* Eductaions.swift in Sources */,
				D04C3CE928BD744800523B0C /* ContentView.swift in Sources */,
				D04C3CE728BD744800523B0C /* CurriculumVitaeTeisrudApp.swift in Sources */,
				D01268AC28BE21EC0041A9AC /* WorkExperienceDetails.swift in Sources */,
				D04C3D0028BD7C6D00523B0C /* CircleImage.swift in Sources */,
				D01268A228BDFAE10041A9AC /* WorkExperience.swift in Sources */,
				D01268A028BDF59E0041A9AC /* Volunteering.swift in Sources */,
			);
			runOnlyForDeploymentPostprocessing = 0;
		};
/* End PBXSourcesBuildPhase section */

/* Begin XCBuildConfiguration section */
		D04C3CEF28BD744A00523B0C /* Debug */ = {
			isa = XCBuildConfiguration;
			buildSettings = {
				ALWAYS_SEARCH_USER_PATHS = NO;
				CLANG_ANALYZER_NONNULL = YES;
				CLANG_ANALYZER_NUMBER_OBJECT_CONVERSION = YES_AGGRESSIVE;
				CLANG_CXX_LANGUAGE_STANDARD = "gnu++17";
				CLANG_ENABLE_MODULES = YES;
				CLANG_ENABLE_OBJC_ARC = YES;
				CLANG_ENABLE_OBJC_WEAK = YES;
				CLANG_WARN_BLOCK_CAPTURE_AUTORELEASING = YES;
				CLANG_WARN_BOOL_CONVERSION = YES;
				CLANG_WARN_COMMA = YES;
				CLANG_WARN_CONSTANT_CONVERSION = YES;
				CLANG_WARN_DEPRECATED_OBJC_IMPLEMENTATIONS = YES;
				CLANG_WARN_DIRECT_OBJC_ISA_USAGE = YES_ERROR;
				CLANG_WARN_DOCUMENTATION_COMMENTS = YES;
				CLANG_WARN_EMPTY_BODY = YES;
				CLANG_WARN_ENUM_CONVERSION = YES;
				CLANG_WARN_INFINITE_RECURSION = YES;
				CLANG_WARN_INT_CONVERSION = YES;
				CLANG_WARN_NON_LITERAL_NULL_CONVERSION = YES;
				CLANG_WARN_OBJC_IMPLICIT_RETAIN_SELF = YES;
				CLANG_WARN_OBJC_LITERAL_CONVERSION = YES;
				CLANG_WARN_OBJC_ROOT_CLASS = YES_ERROR;
				CLANG_WARN_QUOTED_INCLUDE_IN_FRAMEWORK_HEADER = YES;
				CLANG_WARN_RANGE_LOOP_ANALYSIS = YES;
				CLANG_WARN_STRICT_PROTOTYPES = YES;
				CLANG_WARN_SUSPICIOUS_MOVE = YES;
				CLANG_WARN_UNGUARDED_AVAILABILITY = YES_AGGRESSIVE;
				CLANG_WARN_UNREACHABLE_CODE = YES;
				CLANG_WARN__DUPLICATE_METHOD_MATCH = YES;
				COPY_PHASE_STRIP = NO;
				DEBUG_INFORMATION_FORMAT = dwarf;
				ENABLE_STRICT_OBJC_MSGSEND = YES;
				ENABLE_TESTABILITY = YES;
				GCC_C_LANGUAGE_STANDARD = gnu11;
				GCC_DYNAMIC_NO_PIC = NO;
				GCC_NO_COMMON_BLOCKS = YES;
				GCC_OPTIMIZATION_LEVEL = 0;
				GCC_PREPROCESSOR_DEFINITIONS = (
					"DEBUG=1",
					"$(inherited)",
				);
				GCC_WARN_64_TO_32_BIT_CONVERSION = YES;
				GCC_WARN_ABOUT_RETURN_TYPE = YES_ERROR;
				GCC_WARN_UNDECLARED_SELECTOR = YES;
				GCC_WARN_UNINITIALIZED_AUTOS = YES_AGGRESSIVE;
				GCC_WARN_UNUSED_FUNCTION = YES;
				GCC_WARN_UNUSED_VARIABLE = YES;
				IPHONEOS_DEPLOYMENT_TARGET = 15.5;
				MTL_ENABLE_DEBUG_INFO = INCLUDE_SOURCE;
				MTL_FAST_MATH = YES;
				ONLY_ACTIVE_ARCH = YES;
				SDKROOT = iphoneos;
				SWIFT_ACTIVE_COMPILATION_CONDITIONS = DEBUG;
				SWIFT_OPTIMIZATION_LEVEL = "-Onone";
			};
			name = Debug;
		};
		D04C3CF028BD744A00523B0C /* Release */ = {
			isa = XCBuildConfiguration;
			buildSettings = {
				ALWAYS_SEARCH_USER_PATHS = NO;
				CLANG_ANALYZER_NONNULL = YES;
				CLANG_ANALYZER_NUMBER_OBJECT_CONVERSION = YES_AGGRESSIVE;
				CLANG_CXX_LANGUAGE_STANDARD = "gnu++17";
				CLANG_ENABLE_MODULES = YES;
				CLANG_ENABLE_OBJC_ARC = YES;
				CLANG_ENABLE_OBJC_WEAK = YES;
				CLANG_WARN_BLOCK_CAPTURE_AUTORELEASING = YES;
				CLANG_WARN_BOOL_CONVERSION = YES;
				CLANG_WARN_COMMA = YES;
				CLANG_WARN_CONSTANT_CONVERSION = YES;
				CLANG_WARN_DEPRECATED_OBJC_IMPLEMENTATIONS = YES;
				CLANG_WARN_DIRECT_OBJC_ISA_USAGE = YES_ERROR;
				CLANG_WARN_DOCUMENTATION_COMMENTS = YES;
				CLANG_WARN_EMPTY_BODY = YES;
				CLANG_WARN_ENUM_CONVERSION = YES;
				CLANG_WARN_INFINITE_RECURSION = YES;
				CLANG_WARN_INT_CONVERSION = YES;
				CLANG_WARN_NON_LITERAL_NULL_CONVERSION = YES;
				CLANG_WARN_OBJC_IMPLICIT_RETAIN_SELF = YES;
				CLANG_WARN_OBJC_LITERAL_CONVERSION = YES;
				CLANG_WARN_OBJC_ROOT_CLASS = YES_ERROR;
				CLANG_WARN_QUOTED_INCLUDE_IN_FRAMEWORK_HEADER = YES;
				CLANG_WARN_RANGE_LOOP_ANALYSIS = YES;
				CLANG_WARN_STRICT_PROTOTYPES = YES;
				CLANG_WARN_SUSPICIOUS_MOVE = YES;
				CLANG_WARN_UNGUARDED_AVAILABILITY = YES_AGGRESSIVE;
				CLANG_WARN_UNREACHABLE_CODE = YES;
				CLANG_WARN__DUPLICATE_METHOD_MATCH = YES;
				COPY_PHASE_STRIP = NO;
				DEBUG_INFORMATION_FORMAT = "dwarf-with-dsym";
				ENABLE_NS_ASSERTIONS = NO;
				ENABLE_STRICT_OBJC_MSGSEND = YES;
				GCC_C_LANGUAGE_STANDARD = gnu11;
				GCC_NO_COMMON_BLOCKS = YES;
				GCC_WARN_64_TO_32_BIT_CONVERSION = YES;
				GCC_WARN_ABOUT_RETURN_TYPE = YES_ERROR;
				GCC_WARN_UNDECLARED_SELECTOR = YES;
				GCC_WARN_UNINITIALIZED_AUTOS = YES_AGGRESSIVE;
				GCC_WARN_UNUSED_FUNCTION = YES;
				GCC_WARN_UNUSED_VARIABLE = YES;
				IPHONEOS_DEPLOYMENT_TARGET = 15.5;
				MTL_ENABLE_DEBUG_INFO = NO;
				MTL_FAST_MATH = YES;
				SDKROOT = iphoneos;
				SWIFT_COMPILATION_MODE = wholemodule;
				SWIFT_OPTIMIZATION_LEVEL = "-O";
				VALIDATE_PRODUCT = YES;
			};
			name = Release;
		};
		D04C3CF228BD744A00523B0C /* Debug */ = {
			isa = XCBuildConfiguration;
			buildSettings = {
				ASSETCATALOG_COMPILER_APPICON_NAME = AppIcon;
				ASSETCATALOG_COMPILER_GLOBAL_ACCENT_COLOR_NAME = AccentColor;
				CODE_SIGN_STYLE = Automatic;
				CURRENT_PROJECT_VERSION = 1;
				DEVELOPMENT_ASSET_PATHS = "\"CurriculumVitaeTeisrud/Preview Content\"";
				DEVELOPMENT_TEAM = JFQR2M654C;
				ENABLE_PREVIEWS = YES;
				GENERATE_INFOPLIST_FILE = YES;
				INFOPLIST_KEY_UIApplicationSceneManifest_Generation = YES;
				INFOPLIST_KEY_UIApplicationSupportsIndirectInputEvents = YES;
				INFOPLIST_KEY_UILaunchScreen_Generation = YES;
				INFOPLIST_KEY_UISupportedInterfaceOrientations_iPad = "UIInterfaceOrientationPortrait UIInterfaceOrientationPortraitUpsideDown UIInterfaceOrientationLandscapeLeft UIInterfaceOrientationLandscapeRight";
				INFOPLIST_KEY_UISupportedInterfaceOrientations_iPhone = "UIInterfaceOrientationPortrait UIInterfaceOrientationLandscapeLeft UIInterfaceOrientationLandscapeRight";
				LD_RUNPATH_SEARCH_PATHS = (
					"$(inherited)",
					"@executable_path/Frameworks",
				);
				MARKETING_VERSION = 1.0;
				PRODUCT_BUNDLE_IDENTIFIER = no.teisrud.CurriculumVitaeTeisrud;
				PRODUCT_NAME = "$(TARGET_NAME)";
				SWIFT_EMIT_LOC_STRINGS = YES;
				SWIFT_VERSION = 5.0;
				TARGETED_DEVICE_FAMILY = "1,2";
			};
			name = Debug;
		};
		D04C3CF328BD744A00523B0C /* Release */ = {
			isa = XCBuildConfiguration;
			buildSettings = {
				ASSETCATALOG_COMPILER_APPICON_NAME = AppIcon;
				ASSETCATALOG_COMPILER_GLOBAL_ACCENT_COLOR_NAME = AccentColor;
				CODE_SIGN_STYLE = Automatic;
				CURRENT_PROJECT_VERSION = 1;
				DEVELOPMENT_ASSET_PATHS = "\"CurriculumVitaeTeisrud/Preview Content\"";
				DEVELOPMENT_TEAM = JFQR2M654C;
				ENABLE_PREVIEWS = YES;
				GENERATE_INFOPLIST_FILE = YES;
				INFOPLIST_KEY_UIApplicationSceneManifest_Generation = YES;
				INFOPLIST_KEY_UIApplicationSupportsIndirectInputEvents = YES;
				INFOPLIST_KEY_UILaunchScreen_Generation = YES;
				INFOPLIST_KEY_UISupportedInterfaceOrientations_iPad = "UIInterfaceOrientationPortrait UIInterfaceOrientationPortraitUpsideDown UIInterfaceOrientationLandscapeLeft UIInterfaceOrientationLandscapeRight";
				INFOPLIST_KEY_UISupportedInterfaceOrientations_iPhone = "UIInterfaceOrientationPortrait UIInterfaceOrientationLandscapeLeft UIInterfaceOrientationLandscapeRight";
				LD_RUNPATH_SEARCH_PATHS = (
					"$(inherited)",
					"@executable_path/Frameworks",
				);
				MARKETING_VERSION = 1.0;
				PRODUCT_BUNDLE_IDENTIFIER = no.teisrud.CurriculumVitaeTeisrud;
				PRODUCT_NAME = "$(TARGET_NAME)";
				SWIFT_EMIT_LOC_STRINGS = YES;
				SWIFT_VERSION = 5.0;
				TARGETED_DEVICE_FAMILY = "1,2";
			};
			name = Release;
		};
/* End XCBuildConfiguration section */

/* Begin XCConfigurationList section */
		D04C3CDE28BD744800523B0C /* Build configuration list for PBXProject "CurriculumVitaeTeisrud" */ = {
			isa = XCConfigurationList;
			buildConfigurations = (
				D04C3CEF28BD744A00523B0C /* Debug */,
				D04C3CF028BD744A00523B0C /* Release */,
			);
			defaultConfigurationIsVisible = 0;
			defaultConfigurationName = Release;
		};
		D04C3CF128BD744A00523B0C /* Build configuration list for PBXNativeTarget "CurriculumVitaeTeisrud" */ = {
			isa = XCConfigurationList;
			buildConfigurations = (
				D04C3CF228BD744A00523B0C /* Debug */,
				D04C3CF328BD744A00523B0C /* Release */,
			);
			defaultConfigurationIsVisible = 0;
			defaultConfigurationName = Release;
		};
/* End XCConfigurationList section */
	};
	rootObject = D04C3CDB28BD744800523B0C /* Project object */;
}
